// !$*UTF8*$!
{
	archiveVersion = 1;
	classes = {
	};
	objectVersion = 55;
	objects = {

/* Begin PBXBuildFile section */
		419A6C602763C89F004B8BA3 /* Animation_CodeApp.swift in Sources */ = {isa = PBXBuildFile; fileRef = 419A6C5F2763C89F004B8BA3 /* Animation_CodeApp.swift */; };
		419A6C622763C89F004B8BA3 /* ContentView.swift in Sources */ = {isa = PBXBuildFile; fileRef = 419A6C612763C89F004B8BA3 /* ContentView.swift */; };
		419A6C642763C8A0004B8BA3 /* Assets.xcassets in Resources */ = {isa = PBXBuildFile; fileRef = 419A6C632763C8A0004B8BA3 /* Assets.xcassets */; };
		419A6C672763C8A0004B8BA3 /* Preview Assets.xcassets in Resources */ = {isa = PBXBuildFile; fileRef = 419A6C662763C8A0004B8BA3 /* Preview Assets.xcassets */; };
		419A6C712763C8A0004B8BA3 /* Animation_CodeTests.swift in Sources */ = {isa = PBXBuildFile; fileRef = 419A6C702763C8A0004B8BA3 /* Animation_CodeTests.swift */; };
		419A6C7B2763C8A0004B8BA3 /* Animation_CodeUITests.swift in Sources */ = {isa = PBXBuildFile; fileRef = 419A6C7A2763C8A0004B8BA3 /* Animation_CodeUITests.swift */; };
		419A6C7D2763C8A0004B8BA3 /* Animation_CodeUITestsLaunchTests.swift in Sources */ = {isa = PBXBuildFile; fileRef = 419A6C7C2763C8A0004B8BA3 /* Animation_CodeUITestsLaunchTests.swift */; };
/* End PBXBuildFile section */

/* Begin PBXContainerItemProxy section */
		419A6C6D2763C8A0004B8BA3 /* PBXContainerItemProxy */ = {
			isa = PBXContainerItemProxy;
			containerPortal = 419A6C542763C89F004B8BA3 /* Project object */;
			proxyType = 1;
			remoteGlobalIDString = 419A6C5B2763C89F004B8BA3;
			remoteInfo = "Animation Code";
		};
		419A6C772763C8A0004B8BA3 /* PBXContainerItemProxy */ = {
			isa = PBXContainerItemProxy;
			containerPortal = 419A6C542763C89F004B8BA3 /* Project object */;
			proxyType = 1;
			remoteGlobalIDString = 419A6C5B2763C89F004B8BA3;
			remoteInfo = "Animation Code";
		};
/* End PBXContainerItemProxy section */

/* Begin PBXFileReference section */
		419A6C5C2763C89F004B8BA3 /* Animation Code.app */ = {isa = PBXFileReference; explicitFileType = wrapper.application; includeInIndex = 0; path = "Animation Code.app"; sourceTree = BUILT_PRODUCTS_DIR; };
		419A6C5F2763C89F004B8BA3 /* Animation_CodeApp.swift */ = {isa = PBXFileReference; lastKnownFileType = sourcecode.swift; path = Animation_CodeApp.swift; sourceTree = "<group>"; };
		419A6C612763C89F004B8BA3 /* ContentView.swift */ = {isa = PBXFileReference; lastKnownFileType = sourcecode.swift; path = ContentView.swift; sourceTree = "<group>"; };
		419A6C632763C8A0004B8BA3 /* Assets.xcassets */ = {isa = PBXFileReference; lastKnownFileType = folder.assetcatalog; path = Assets.xcassets; sourceTree = "<group>"; };
		419A6C662763C8A0004B8BA3 /* Preview Assets.xcassets */ = {isa = PBXFileReference; lastKnownFileType = folder.assetcatalog; path = "Preview Assets.xcassets"; sourceTree = "<group>"; };
		419A6C6C2763C8A0004B8BA3 /* Animation CodeTests.xctest */ = {isa = PBXFileReference; explicitFileType = wrapper.cfbundle; includeInIndex = 0; path = "Animation CodeTests.xctest"; sourceTree = BUILT_PRODUCTS_DIR; };
		419A6C702763C8A0004B8BA3 /* Animation_CodeTests.swift */ = {isa = PBXFileReference; lastKnownFileType = sourcecode.swift; path = Animation_CodeTests.swift; sourceTree = "<group>"; };
		419A6C762763C8A0004B8BA3 /* Animation CodeUITests.xctest */ = {isa = PBXFileReference; explicitFileType = wrapper.cfbundle; includeInIndex = 0; path = "Animation CodeUITests.xctest"; sourceTree = BUILT_PRODUCTS_DIR; };
		419A6C7A2763C8A0004B8BA3 /* Animation_CodeUITests.swift */ = {isa = PBXFileReference; lastKnownFileType = sourcecode.swift; path = Animation_CodeUITests.swift; sourceTree = "<group>"; };
		419A6C7C2763C8A0004B8BA3 /* Animation_CodeUITestsLaunchTests.swift */ = {isa = PBXFileReference; lastKnownFileType = sourcecode.swift; path = Animation_CodeUITestsLaunchTests.swift; sourceTree = "<group>"; };
/* End PBXFileReference section */

/* Begin PBXFrameworksBuildPhase section */
		419A6C592763C89F004B8BA3 /* Frameworks */ = {
			isa = PBXFrameworksBuildPhase;
			buildActionMask = 2147483647;
			files = (
			);
			runOnlyForDeploymentPostprocessing = 0;
		};
		419A6C692763C8A0004B8BA3 /* Frameworks */ = {
			isa = PBXFrameworksBuildPhase;
			buildActionMask = 2147483647;
			files = (
			);
			runOnlyForDeploymentPostprocessing = 0;
		};
		419A6C732763C8A0004B8BA3 /* Frameworks */ = {
			isa = PBXFrameworksBuildPhase;
			buildActionMask = 2147483647;
			files = (
			);
			runOnlyForDeploymentPostprocessing = 0;
		};
/* End PBXFrameworksBuildPhase section */

/* Begin PBXGroup section */
		419A6C532763C89F004B8BA3 = {
			isa = PBXGroup;
			children = (
				419A6C5E2763C89F004B8BA3 /* Animation Code */,
				419A6C6F2763C8A0004B8BA3 /* Animation CodeTests */,
				419A6C792763C8A0004B8BA3 /* Animation CodeUITests */,
				419A6C5D2763C89F004B8BA3 /* Products */,
			);
			sourceTree = "<group>";
		};
		419A6C5D2763C89F004B8BA3 /* Products */ = {
			isa = PBXGroup;
			children = (
				419A6C5C2763C89F004B8BA3 /* Animation Code.app */,
				419A6C6C2763C8A0004B8BA3 /* Animation CodeTests.xctest */,
				419A6C762763C8A0004B8BA3 /* Animation CodeUITests.xctest */,
			);
			name = Products;
			sourceTree = "<group>";
		};
		419A6C5E2763C89F004B8BA3 /* Animation Code */ = {
			isa = PBXGroup;
			children = (
				419A6C5F2763C89F004B8BA3 /* Animation_CodeApp.swift */,
				419A6C612763C89F004B8BA3 /* ContentView.swift */,
				419A6C632763C8A0004B8BA3 /* Assets.xcassets */,
				419A6C652763C8A0004B8BA3 /* Preview Content */,
			);
			path = "Animation Code";
			sourceTree = "<group>";
		};
		419A6C652763C8A0004B8BA3 /* Preview Content */ = {
			isa = PBXGroup;
			children = (
				419A6C662763C8A0004B8BA3 /* Preview Assets.xcassets */,
			);
			path = "Preview Content";
			sourceTree = "<group>";
		};
		419A6C6F2763C8A0004B8BA3 /* Animation CodeTests */ = {
			isa = PBXGroup;
			children = (
				419A6C702763C8A0004B8BA3 /* Animation_CodeTests.swift */,
			);
			path = "Animation CodeTests";
			sourceTree = "<group>";
		};
		419A6C792763C8A0004B8BA3 /* Animation CodeUITests */ = {
			isa = PBXGroup;
			children = (
				419A6C7A2763C8A0004B8BA3 /* Animation_CodeUITests.swift */,
				419A6C7C2763C8A0004B8BA3 /* Animation_CodeUITestsLaunchTests.swift */,
			);
			path = "Animation CodeUITests";
			sourceTree = "<group>";
		};
/* End PBXGroup section */

/* Begin PBXNativeTarget section */
		419A6C5B2763C89F004B8BA3 /* Animation Code */ = {
			isa = PBXNativeTarget;
			buildConfigurationList = 419A6C802763C8A0004B8BA3 /* Build configuration list for PBXNativeTarget "Animation Code" */;
			buildPhases = (
				419A6C582763C89F004B8BA3 /* Sources */,
				419A6C592763C89F004B8BA3 /* Frameworks */,
				419A6C5A2763C89F004B8BA3 /* Resources */,
			);
			buildRules = (
			);
			dependencies = (
			);
			name = "Animation Code";
			productName = "Animation Code";
			productReference = 419A6C5C2763C89F004B8BA3 /* Animation Code.app */;
			productType = "com.apple.product-type.application";
		};
		419A6C6B2763C8A0004B8BA3 /* Animation CodeTests */ = {
			isa = PBXNativeTarget;
			buildConfigurationList = 419A6C832763C8A0004B8BA3 /* Build configuration list for PBXNativeTarget "Animation CodeTests" */;
			buildPhases = (
				419A6C682763C8A0004B8BA3 /* Sources */,
				419A6C692763C8A0004B8BA3 /* Frameworks */,
				419A6C6A2763C8A0004B8BA3 /* Resources */,
			);
			buildRules = (
			);
			dependencies = (
				419A6C6E2763C8A0004B8BA3 /* PBXTargetDependency */,
			);
			name = "Animation CodeTests";
			productName = "Animation CodeTests";
			productReference = 419A6C6C2763C8A0004B8BA3 /* Animation CodeTests.xctest */;
			productType = "com.apple.product-type.bundle.unit-test";
		};
		419A6C752763C8A0004B8BA3 /* Animation CodeUITests */ = {
			isa = PBXNativeTarget;
			buildConfigurationList = 419A6C862763C8A0004B8BA3 /* Build configuration list for PBXNativeTarget "Animation CodeUITests" */;
			buildPhases = (
				419A6C722763C8A0004B8BA3 /* Sources */,
				419A6C732763C8A0004B8BA3 /* Frameworks */,
				419A6C742763C8A0004B8BA3 /* Resources */,
			);
			buildRules = (
			);
			dependencies = (
				419A6C782763C8A0004B8BA3 /* PBXTargetDependency */,
			);
			name = "Animation CodeUITests";
			productName = "Animation CodeUITests";
			productReference = 419A6C762763C8A0004B8BA3 /* Animation CodeUITests.xctest */;
			productType = "com.apple.product-type.bundle.ui-testing";
		};
/* End PBXNativeTarget section */

/* Begin PBXProject section */
		419A6C542763C89F004B8BA3 /* Project object */ = {
			isa = PBXProject;
			attributes = {
				BuildIndependentTargetsInParallel = 1;
				LastSwiftUpdateCheck = 1310;
				LastUpgradeCheck = 1310;
				TargetAttributes = {
					419A6C5B2763C89F004B8BA3 = {
						CreatedOnToolsVersion = 13.1;
					};
					419A6C6B2763C8A0004B8BA3 = {
						CreatedOnToolsVersion = 13.1;
						TestTargetID = 419A6C5B2763C89F004B8BA3;
					};
					419A6C752763C8A0004B8BA3 = {
						CreatedOnToolsVersion = 13.1;
						TestTargetID = 419A6C5B2763C89F004B8BA3;
					};
				};
			};
			buildConfigurationList = 419A6C572763C89F004B8BA3 /* Build configuration list for PBXProject "Animation Code" */;
			compatibilityVersion = "Xcode 13.0";
			developmentRegion = en;
			hasScannedForEncodings = 0;
			knownRegions = (
				en,
				Base,
			);
			mainGroup = 419A6C532763C89F004B8BA3;
			productRefGroup = 419A6C5D2763C89F004B8BA3 /* Products */;
			projectDirPath = "";
			projectRoot = "";
			targets = (
				419A6C5B2763C89F004B8BA3 /* Animation Code */,
				419A6C6B2763C8A0004B8BA3 /* Animation CodeTests */,
				419A6C752763C8A0004B8BA3 /* Animation CodeUITests */,
			);
		};
/* End PBXProject section */

/* Begin PBXResourcesBuildPhase section */
		419A6C5A2763C89F004B8BA3 /* Resources */ = {
			isa = PBXResourcesBuildPhase;
			buildActionMask = 2147483647;
			files = (
				419A6C672763C8A0004B8BA3 /* Preview Assets.xcassets in Resources */,
				419A6C642763C8A0004B8BA3 /* Assets.xcassets in Resources */,
			);
			runOnlyForDeploymentPostprocessing = 0;
		};
		419A6C6A2763C8A0004B8BA3 /* Resources */ = {
			isa = PBXResourcesBuildPhase;
			buildActionMask = 2147483647;
			files = (
			);
			runOnlyForDeploymentPostprocessing = 0;
		};
		419A6C742763C8A0004B8BA3 /* Resources */ = {
			isa = PBXResourcesBuildPhase;
			buildActionMask = 2147483647;
			files = (
			);
			runOnlyForDeploymentPostprocessing = 0;
		};
/* End PBXResourcesBuildPhase section */

/* Begin PBXSourcesBuildPhase section */
		419A6C582763C89F004B8BA3 /* Sources */ = {
			isa = PBXSourcesBuildPhase;
			buildActionMask = 2147483647;
			files = (
				419A6C622763C89F004B8BA3 /* ContentView.swift in Sources */,
				419A6C602763C89F004B8BA3 /* Animation_CodeApp.swift in Sources */,
			);
			runOnlyForDeploymentPostprocessing = 0;
		};
		419A6C682763C8A0004B8BA3 /* Sources */ = {
			isa = PBXSourcesBuildPhase;
			buildActionMask = 2147483647;
			files = (
				419A6C712763C8A0004B8BA3 /* Animation_CodeTests.swift in Sources */,
			);
			runOnlyForDeploymentPostprocessing = 0;
		};
		419A6C722763C8A0004B8BA3 /* Sources */ = {
			isa = PBXSourcesBuildPhase;
			buildActionMask = 2147483647;
			files = (
				419A6C7D2763C8A0004B8BA3 /* Animation_CodeUITestsLaunchTests.swift in Sources */,
				419A6C7B2763C8A0004B8BA3 /* Animation_CodeUITests.swift in Sources */,
			);
			runOnlyForDeploymentPostprocessing = 0;
		};
/* End PBXSourcesBuildPhase section */

/* Begin PBXTargetDependency section */
		419A6C6E2763C8A0004B8BA3 /* PBXTargetDependency */ = {
			isa = PBXTargetDependency;
			target = 419A6C5B2763C89F004B8BA3 /* Animation Code */;
			targetProxy = 419A6C6D2763C8A0004B8BA3 /* PBXContainerItemProxy */;
		};
		419A6C782763C8A0004B8BA3 /* PBXTargetDependency */ = {
			isa = PBXTargetDependency;
			target = 419A6C5B2763C89F004B8BA3 /* Animation Code */;
			targetProxy = 419A6C772763C8A0004B8BA3 /* PBXContainerItemProxy */;
		};
/* End PBXTargetDependency section */

/* Begin XCBuildConfiguration section */
		419A6C7E2763C8A0004B8BA3 /* Debug */ = {
			isa = XCBuildConfiguration;
			buildSettings = {
				ALWAYS_SEARCH_USER_PATHS = NO;
				CLANG_ANALYZER_NONNULL = YES;
				CLANG_ANALYZER_NUMBER_OBJECT_CONVERSION = YES_AGGRESSIVE;
				CLANG_CXX_LANGUAGE_STANDARD = "gnu++17";
				CLANG_CXX_LIBRARY = "libc++";
				CLANG_ENABLE_MODULES = YES;
				CLANG_ENABLE_OBJC_ARC = YES;
				CLANG_ENABLE_OBJC_WEAK = YES;
				CLANG_WARN_BLOCK_CAPTURE_AUTORELEASING = YES;
				CLANG_WARN_BOOL_CONVERSION = YES;
				CLANG_WARN_COMMA = YES;
				CLANG_WARN_CONSTANT_CONVERSION = YES;
				CLANG_WARN_DEPRECATED_OBJC_IMPLEMENTATIONS = YES;
				CLANG_WARN_DIRECT_OBJC_ISA_USAGE = YES_ERROR;
				CLANG_WARN_DOCUMENTATION_COMMENTS = YES;
				CLANG_WARN_EMPTY_BODY = YES;
				CLANG_WARN_ENUM_CONVERSION = YES;
				CLANG_WARN_INFINITE_RECURSION = YES;
				CLANG_WARN_INT_CONVERSION = YES;
				CLANG_WARN_NON_LITERAL_NULL_CONVERSION = YES;
				CLANG_WARN_OBJC_IMPLICIT_RETAIN_SELF = YES;
				CLANG_WARN_OBJC_LITERAL_CONVERSION = YES;
				CLANG_WARN_OBJC_ROOT_CLASS = YES_ERROR;
				CLANG_WARN_QUOTED_INCLUDE_IN_FRAMEWORK_HEADER = YES;
				CLANG_WARN_RANGE_LOOP_ANALYSIS = YES;
				CLANG_WARN_STRICT_PROTOTYPES = YES;
				CLANG_WARN_SUSPICIOUS_MOVE = YES;
				CLANG_WARN_UNGUARDED_AVAILABILITY = YES_AGGRESSIVE;
				CLANG_WARN_UNREACHABLE_CODE = YES;
				CLANG_WARN__DUPLICATE_METHOD_MATCH = YES;
				COPY_PHASE_STRIP = NO;
				DEBUG_INFORMATION_FORMAT = dwarf;
				ENABLE_STRICT_OBJC_MSGSEND = YES;
				ENABLE_TESTABILITY = YES;
				GCC_C_LANGUAGE_STANDARD = gnu11;
				GCC_DYNAMIC_NO_PIC = NO;
				GCC_NO_COMMON_BLOCKS = YES;
				GCC_OPTIMIZATION_LEVEL = 0;
				GCC_PREPROCESSOR_DEFINITIONS = (
					"DEBUG=1",
					"$(inherited)",
				);
				GCC_WARN_64_TO_32_BIT_CONVERSION = YES;
				GCC_WARN_ABOUT_RETURN_TYPE = YES_ERROR;
				GCC_WARN_UNDECLARED_SELECTOR = YES;
				GCC_WARN_UNINITIALIZED_AUTOS = YES_AGGRESSIVE;
				GCC_WARN_UNUSED_FUNCTION = YES;
				GCC_WARN_UNUSED_VARIABLE = YES;
				IPHONEOS_DEPLOYMENT_TARGET = 15.0;
				MTL_ENABLE_DEBUG_INFO = INCLUDE_SOURCE;
				MTL_FAST_MATH = YES;
				ONLY_ACTIVE_ARCH = YES;
				SDKROOT = iphoneos;
				SWIFT_ACTIVE_COMPILATION_CONDITIONS = DEBUG;
				SWIFT_OPTIMIZATION_LEVEL = "-Onone";
			};
			name = Debug;
		};
		419A6C7F2763C8A0004B8BA3 /* Release */ = {
			isa = XCBuildConfiguration;
			buildSettings = {
				ALWAYS_SEARCH_USER_PATHS = NO;
				CLANG_ANALYZER_NONNULL = YES;
				CLANG_ANALYZER_NUMBER_OBJECT_CONVERSION = YES_AGGRESSIVE;
				CLANG_CXX_LANGUAGE_STANDARD = "gnu++17";
				CLANG_CXX_LIBRARY = "libc++";
				CLANG_ENABLE_MODULES = YES;
				CLANG_ENABLE_OBJC_ARC = YES;
				CLANG_ENABLE_OBJC_WEAK = YES;
				CLANG_WARN_BLOCK_CAPTURE_AUTORELEASING = YES;
				CLANG_WARN_BOOL_CONVERSION = YES;
				CLANG_WARN_COMMA = YES;
				CLANG_WARN_CONSTANT_CONVERSION = YES;
				CLANG_WARN_DEPRECATED_OBJC_IMPLEMENTATIONS = YES;
				CLANG_WARN_DIRECT_OBJC_ISA_USAGE = YES_ERROR;
				CLANG_WARN_DOCUMENTATION_COMMENTS = YES;
				CLANG_WARN_EMPTY_BODY = YES;
				CLANG_WARN_ENUM_CONVERSION = YES;
				CLANG_WARN_INFINITE_RECURSION = YES;
				CLANG_WARN_INT_CONVERSION = YES;
				CLANG_WARN_NON_LITERAL_NULL_CONVERSION = YES;
				CLANG_WARN_OBJC_IMPLICIT_RETAIN_SELF = YES;
				CLANG_WARN_OBJC_LITERAL_CONVERSION = YES;
				CLANG_WARN_OBJC_ROOT_CLASS = YES_ERROR;
				CLANG_WARN_QUOTED_INCLUDE_IN_FRAMEWORK_HEADER = YES;
				CLANG_WARN_RANGE_LOOP_ANALYSIS = YES;
				CLANG_WARN_STRICT_PROTOTYPES = YES;
				CLANG_WARN_SUSPICIOUS_MOVE = YES;
				CLANG_WARN_UNGUARDED_AVAILABILITY = YES_AGGRESSIVE;
				CLANG_WARN_UNREACHABLE_CODE = YES;
				CLANG_WARN__DUPLICATE_METHOD_MATCH = YES;
				COPY_PHASE_STRIP = NO;
				DEBUG_INFORMATION_FORMAT = "dwarf-with-dsym";
				ENABLE_NS_ASSERTIONS = NO;
				ENABLE_STRICT_OBJC_MSGSEND = YES;
				GCC_C_LANGUAGE_STANDARD = gnu11;
				GCC_NO_COMMON_BLOCKS = YES;
				GCC_WARN_64_TO_32_BIT_CONVERSION = YES;
				GCC_WARN_ABOUT_RETURN_TYPE = YES_ERROR;
				GCC_WARN_UNDECLARED_SELECTOR = YES;
				GCC_WARN_UNINITIALIZED_AUTOS = YES_AGGRESSIVE;
				GCC_WARN_UNUSED_FUNCTION = YES;
				GCC_WARN_UNUSED_VARIABLE = YES;
				IPHONEOS_DEPLOYMENT_TARGET = 15.0;
				MTL_ENABLE_DEBUG_INFO = NO;
				MTL_FAST_MATH = YES;
				SDKROOT = iphoneos;
				SWIFT_COMPILATION_MODE = wholemodule;
				SWIFT_OPTIMIZATION_LEVEL = "-O";
				VALIDATE_PRODUCT = YES;
			};
			name = Release;
		};
		419A6C812763C8A0004B8BA3 /* Debug */ = {
			isa = XCBuildConfiguration;
			buildSettings = {
				ASSETCATALOG_COMPILER_APPICON_NAME = AppIcon;
				ASSETCATALOG_COMPILER_GLOBAL_ACCENT_COLOR_NAME = AccentColor;
				CODE_SIGN_STYLE = Automatic;
				CURRENT_PROJECT_VERSION = 1;
				DEVELOPMENT_ASSET_PATHS = "\"Animation Code/Preview Content\"";
				ENABLE_PREVIEWS = YES;
				GENERATE_INFOPLIST_FILE = YES;
				INFOPLIST_KEY_UIApplicationSceneManifest_Generation = YES;
				INFOPLIST_KEY_UIApplicationSupportsIndirectInputEvents = YES;
				INFOPLIST_KEY_UILaunchScreen_Generation = YES;
				INFOPLIST_KEY_UISupportedInterfaceOrientations_iPad = "UIInterfaceOrientationPortrait UIInterfaceOrientationPortraitUpsideDown UIInterfaceOrientationLandscapeLeft UIInterfaceOrientationLandscapeRight";
				INFOPLIST_KEY_UISupportedInterfaceOrientations_iPhone = "UIInterfaceOrientationPortrait UIInterfaceOrientationLandscapeLeft UIInterfaceOrientationLandscapeRight";
				LD_RUNPATH_SEARCH_PATHS = (
					"$(inherited)",
					"@executable_path/Frameworks",
				);
				MARKETING_VERSION = 1.0;
				PRODUCT_BUNDLE_IDENTIFIER = "com.academy.Animation-Code";
				PRODUCT_NAME = "$(TARGET_NAME)";
				SWIFT_EMIT_LOC_STRINGS = YES;
				SWIFT_VERSION = 5.0;
				TARGETED_DEVICE_FAMILY = "1,2";
			};
			name = Debug;
		};
		419A6C822763C8A0004B8BA3 /* Release */ = {
			isa = XCBuildConfiguration;
			buildSettings = {
				ASSETCATALOG_COMPILER_APPICON_NAME = AppIcon;
				ASSETCATALOG_COMPILER_GLOBAL_ACCENT_COLOR_NAME = AccentColor;
				CODE_SIGN_STYLE = Automatic;
				CURRENT_PROJECT_VERSION = 1;
				DEVELOPMENT_ASSET_PATHS = "\"Animation Code/Preview Content\"";
				ENABLE_PREVIEWS = YES;
				GENERATE_INFOPLIST_FILE = YES;
				INFOPLIST_KEY_UIApplicationSceneManifest_Generation = YES;
				INFOPLIST_KEY_UIApplicationSupportsIndirectInputEvents = YES;
				INFOPLIST_KEY_UILaunchScreen_Generation = YES;
				INFOPLIST_KEY_UISupportedInterfaceOrientations_iPad = "UIInterfaceOrientationPortrait UIInterfaceOrientationPortraitUpsideDown UIInterfaceOrientationLandscapeLeft UIInterfaceOrientationLandscapeRight";
				INFOPLIST_KEY_UISupportedInterfaceOrientations_iPhone = "UIInterfaceOrientationPortrait UIInterfaceOrientationLandscapeLeft UIInterfaceOrientationLandscapeRight";
				LD_RUNPATH_SEARCH_PATHS = (
					"$(inherited)",
					"@executable_path/Frameworks",
				);
				MARKETING_VERSION = 1.0;
				PRODUCT_BUNDLE_IDENTIFIER = "com.academy.Animation-Code";
				PRODUCT_NAME = "$(TARGET_NAME)";
				SWIFT_EMIT_LOC_STRINGS = YES;
				SWIFT_VERSION = 5.0;
				TARGETED_DEVICE_FAMILY = "1,2";
			};
			name = Release;
		};
		419A6C842763C8A0004B8BA3 /* Debug */ = {
			isa = XCBuildConfiguration;
			buildSettings = {
				ALWAYS_EMBED_SWIFT_STANDARD_LIBRARIES = YES;
				BUNDLE_LOADER = "$(TEST_HOST)";
				CODE_SIGN_STYLE = Automatic;
				CURRENT_PROJECT_VERSION = 1;
				GENERATE_INFOPLIST_FILE = YES;
				IPHONEOS_DEPLOYMENT_TARGET = 15.0;
				LD_RUNPATH_SEARCH_PATHS = (
					"$(inherited)",
					"@executable_path/Frameworks",
					"@loader_path/Frameworks",
				);
				MARKETING_VERSION = 1.0;
				PRODUCT_BUNDLE_IDENTIFIER = "com.academy.Animation-CodeTests";
				PRODUCT_NAME = "$(TARGET_NAME)";
				SWIFT_EMIT_LOC_STRINGS = NO;
				SWIFT_VERSION = 5.0;
				TARGETED_DEVICE_FAMILY = "1,2";
				TEST_HOST = "$(BUILT_PRODUCTS_DIR)/Animation Code.app/Animation Code";
			};
			name = Debug;
		};
		419A6C852763C8A0004B8BA3 /* Release */ = {
			isa = XCBuildConfiguration;
			buildSettings = {
				ALWAYS_EMBED_SWIFT_STANDARD_LIBRARIES = YES;
				BUNDLE_LOADER = "$(TEST_HOST)";
				CODE_SIGN_STYLE = Automatic;
				CURRENT_PROJECT_VERSION = 1;
				GENERATE_INFOPLIST_FILE = YES;
				IPHONEOS_DEPLOYMENT_TARGET = 15.0;
				LD_RUNPATH_SEARCH_PATHS = (
					"$(inherited)",
					"@executable_path/Frameworks",
					"@loader_path/Frameworks",
				);
				MARKETING_VERSION = 1.0;
				PRODUCT_BUNDLE_IDENTIFIER = "com.academy.Animation-CodeTests";
				PRODUCT_NAME = "$(TARGET_NAME)";
				SWIFT_EMIT_LOC_STRINGS = NO;
				SWIFT_VERSION = 5.0;
				TARGETED_DEVICE_FAMILY = "1,2";
				TEST_HOST = "$(BUILT_PRODUCTS_DIR)/Animation Code.app/Animation Code";
			};
			name = Release;
		};
		419A6C872763C8A0004B8BA3 /* Debug */ = {
			isa = XCBuildConfiguration;
			buildSettings = {
				ALWAYS_EMBED_SWIFT_STANDARD_LIBRARIES = YES;
				CODE_SIGN_STYLE = Automatic;
				CURRENT_PROJECT_VERSION = 1;
				GENERATE_INFOPLIST_FILE = YES;
				LD_RUNPATH_SEARCH_PATHS = (
					"$(inherited)",
					"@executable_path/Frameworks",
					"@loader_path/Frameworks",
				);
				MARKETING_VERSION = 1.0;
				PRODUCT_BUNDLE_IDENTIFIER = "com.academy.Animation-CodeUITests";
				PRODUCT_NAME = "$(TARGET_NAME)";
				SWIFT_EMIT_LOC_STRINGS = NO;
				SWIFT_VERSION = 5.0;
				TARGETED_DEVICE_FAMILY = "1,2";
				TEST_TARGET_NAME = "Animation Code";
			};
			name = Debug;
		};
		419A6C882763C8A0004B8BA3 /* Release */ = {
			isa = XCBuildConfiguration;
			buildSettings = {
				ALWAYS_EMBED_SWIFT_STANDARD_LIBRARIES = YES;
				CODE_SIGN_STYLE = Automatic;
				CURRENT_PROJECT_VERSION = 1;
				GENERATE_INFOPLIST_FILE = YES;
				LD_RUNPATH_SEARCH_PATHS = (
					"$(inherited)",
					"@executable_path/Frameworks",
					"@loader_path/Frameworks",
				);
				MARKETING_VERSION = 1.0;
				PRODUCT_BUNDLE_IDENTIFIER = "com.academy.Animation-CodeUITests";
				PRODUCT_NAME = "$(TARGET_NAME)";
				SWIFT_EMIT_LOC_STRINGS = NO;
				SWIFT_VERSION = 5.0;
				TARGETED_DEVICE_FAMILY = "1,2";
				TEST_TARGET_NAME = "Animation Code";
			};
			name = Release;
		};
/* End XCBuildConfiguration section */

/* Begin XCConfigurationList section */
		419A6C572763C89F004B8BA3 /* Build configuration list for PBXProject "Animation Code" */ = {
			isa = XCConfigurationList;
			buildConfigurations = (
				419A6C7E2763C8A0004B8BA3 /* Debug */,
				419A6C7F2763C8A0004B8BA3 /* Release */,
			);
			defaultConfigurationIsVisible = 0;
			defaultConfigurationName = Release;
		};
		419A6C802763C8A0004B8BA3 /* Build configuration list for PBXNativeTarget "Animation Code" */ = {
			isa = XCConfigurationList;
			buildConfigurations = (
				419A6C812763C8A0004B8BA3 /* Debug */,
				419A6C822763C8A0004B8BA3 /* Release */,
			);
			defaultConfigurationIsVisible = 0;
			defaultConfigurationName = Release;
		};
		419A6C832763C8A0004B8BA3 /* Build configuration list for PBXNativeTarget "Animation CodeTests" */ = {
			isa = XCConfigurationList;
			buildConfigurations = (
				419A6C842763C8A0004B8BA3 /* Debug */,
				419A6C852763C8A0004B8BA3 /* Release */,
			);
			defaultConfigurationIsVisible = 0;
			defaultConfigurationName = Release;
		};
		419A6C862763C8A0004B8BA3 /* Build configuration list for PBXNativeTarget "Animation CodeUITests" */ = {
			isa = XCConfigurationList;
			buildConfigurations = (
				419A6C872763C8A0004B8BA3 /* Debug */,
				419A6C882763C8A0004B8BA3 /* Release */,
			);
			defaultConfigurationIsVisible = 0;
			defaultConfigurationName = Release;
		};
/* End XCConfigurationList section */
	};
	rootObject = 419A6C542763C89F004B8BA3 /* Project object */;
}
